// !$*UTF8*$!
{
	archiveVersion = 1;
	classes = {
	};
	objectVersion = 50;
	objects = {

/* Begin PBXBuildFile section */
		A674485741F8D8A0AF0CCB58 /* Pods_RunTrax.framework in Frameworks */ = {isa = PBXBuildFile; fileRef = D2C4CCF109B8A571210B2C67 /* Pods_RunTrax.framework */; };
		DF1BF585219E289000DC5DA8 /* AppDelegate.swift in Sources */ = {isa = PBXBuildFile; fileRef = DF1BF584219E289000DC5DA8 /* AppDelegate.swift */; };
		DF1BF587219E289000DC5DA8 /* StartScreenViewController.swift in Sources */ = {isa = PBXBuildFile; fileRef = DF1BF586219E289000DC5DA8 /* StartScreenViewController.swift */; };
		DF1BF58A219E289000DC5DA8 /* Main.storyboard in Resources */ = {isa = PBXBuildFile; fileRef = DF1BF588219E289000DC5DA8 /* Main.storyboard */; };
		DF1BF58C219E289A00DC5DA8 /* Assets.xcassets in Resources */ = {isa = PBXBuildFile; fileRef = DF1BF58B219E289A00DC5DA8 /* Assets.xcassets */; };
		DF1BF58F219E289A00DC5DA8 /* LaunchScreen.storyboard in Resources */ = {isa = PBXBuildFile; fileRef = DF1BF58D219E289A00DC5DA8 /* LaunchScreen.storyboard */; };
		DF1BF59A219E289B00DC5DA8 /* RunTraxTests.swift in Sources */ = {isa = PBXBuildFile; fileRef = DF1BF599219E289B00DC5DA8 /* RunTraxTests.swift */; };
		DF808DB321FFAF8D00D46EDA /* MapKit.framework in Frameworks */ = {isa = PBXBuildFile; fileRef = DF808DB221FFAF8D00D46EDA /* MapKit.framework */; };
		DF808DBA2200F82700D46EDA /* SharePageViewController.swift in Sources */ = {isa = PBXBuildFile; fileRef = DF808DB92200F82700D46EDA /* SharePageViewController.swift */; };
		DF808DBC2200FA2500D46EDA /* PastRunsViewController.swift in Sources */ = {isa = PBXBuildFile; fileRef = DF808DBB2200FA2500D46EDA /* PastRunsViewController.swift */; };
		DF808DBE2201025800D46EDA /* FriendsListViewController.swift in Sources */ = {isa = PBXBuildFile; fileRef = DF808DBD2201025800D46EDA /* FriendsListViewController.swift */; };
		DF808DC22202689500D46EDA /* AccountViewController.swift in Sources */ = {isa = PBXBuildFile; fileRef = DF808DC12202689500D46EDA /* AccountViewController.swift */; };
		DF98CE052229A62800086812 /* OpeningViewController.swift in Sources */ = {isa = PBXBuildFile; fileRef = DF98CE042229A62800086812 /* OpeningViewController.swift */; };
		DF98CE072229A97B00086812 /* LoginViewController.swift in Sources */ = {isa = PBXBuildFile; fileRef = DF98CE062229A97B00086812 /* LoginViewController.swift */; };
		DF98CE092229A9B900086812 /* SignUpViewController.swift in Sources */ = {isa = PBXBuildFile; fileRef = DF98CE082229A9B900086812 /* SignUpViewController.swift */; };
		DFBA4A2721A5BBBA008BFB7A /* RunOverviewViewController.swift in Sources */ = {isa = PBXBuildFile; fileRef = DFBA4A2621A5BBBA008BFB7A /* RunOverviewViewController.swift */; };
		DFBA4A2921A5DAB6008BFB7A /* RunDetailsDisplay.swift in Sources */ = {isa = PBXBuildFile; fileRef = DFBA4A2821A5DAB6008BFB7A /* RunDetailsDisplay.swift */; };
		DFBA4A2E21A643BB008BFB7A /* RunTrax.xcdatamodeld in Sources */ = {isa = PBXBuildFile; fileRef = DFBA4A2C21A643BB008BFB7A /* RunTrax.xcdatamodeld */; };
		DFBA4A3021A6466A008BFB7A /* LocationManager.swift in Sources */ = {isa = PBXBuildFile; fileRef = DFBA4A2F21A6466A008BFB7A /* LocationManager.swift */; };
		DFBA4A3221A64691008BFB7A /* UnitExtension.swift in Sources */ = {isa = PBXBuildFile; fileRef = DFBA4A3121A64691008BFB7A /* UnitExtension.swift */; };
		DFBA4A3421A648E6008BFB7A /* CoreDataStack.swift in Sources */ = {isa = PBXBuildFile; fileRef = DFBA4A3321A648E6008BFB7A /* CoreDataStack.swift */; };
		DFF37035222F7A64006BEF17 /* GoogleService-Info.plist in Resources */ = {isa = PBXBuildFile; fileRef = DFF37034222F7A64006BEF17 /* GoogleService-Info.plist */; };
		DFF7E7A821F77D22002220E1 /* NewRunViewController.swift in Sources */ = {isa = PBXBuildFile; fileRef = DFF7E7A721F77D22002220E1 /* NewRunViewController.swift */; };
		DFF7E7AE21FA27D4002220E1 /* SharedRunViewController.swift in Sources */ = {isa = PBXBuildFile; fileRef = DFF7E7AD21FA27D4002220E1 /* SharedRunViewController.swift */; };
/* End PBXBuildFile section */

/* Begin PBXContainerItemProxy section */
		DF1BF596219E289A00DC5DA8 /* PBXContainerItemProxy */ = {
			isa = PBXContainerItemProxy;
			containerPortal = DF1BF579219E289000DC5DA8 /* Project object */;
			proxyType = 1;
			remoteGlobalIDString = DF1BF580219E289000DC5DA8;
			remoteInfo = RunTrax;
		};
/* End PBXContainerItemProxy section */

/* Begin PBXFileReference section */
		1EB8FBF5C7E0BC825F2415C0 /* Pods-RunTrax.release.xcconfig */ = {isa = PBXFileReference; includeInIndex = 1; lastKnownFileType = text.xcconfig; name = "Pods-RunTrax.release.xcconfig"; path = "Pods/Target Support Files/Pods-RunTrax/Pods-RunTrax.release.xcconfig"; sourceTree = "<group>"; };
		6C8DADC7E036884BB8A2DF32 /* Pods-RunTrax.debug.xcconfig */ = {isa = PBXFileReference; includeInIndex = 1; lastKnownFileType = text.xcconfig; name = "Pods-RunTrax.debug.xcconfig"; path = "Pods/Target Support Files/Pods-RunTrax/Pods-RunTrax.debug.xcconfig"; sourceTree = "<group>"; };
		9E66B519E83D8DE1EF56D967 /* Pods_RunTraxTests.framework */ = {isa = PBXFileReference; explicitFileType = wrapper.framework; includeInIndex = 0; path = Pods_RunTraxTests.framework; sourceTree = BUILT_PRODUCTS_DIR; };
		D2C4CCF109B8A571210B2C67 /* Pods_RunTrax.framework */ = {isa = PBXFileReference; explicitFileType = wrapper.framework; includeInIndex = 0; path = Pods_RunTrax.framework; sourceTree = BUILT_PRODUCTS_DIR; };
		DF1BF581219E289000DC5DA8 /* RunTrax.app */ = {isa = PBXFileReference; explicitFileType = wrapper.application; includeInIndex = 0; path = RunTrax.app; sourceTree = BUILT_PRODUCTS_DIR; };
		DF1BF584219E289000DC5DA8 /* AppDelegate.swift */ = {isa = PBXFileReference; lastKnownFileType = sourcecode.swift; path = AppDelegate.swift; sourceTree = "<group>"; };
		DF1BF586219E289000DC5DA8 /* StartScreenViewController.swift */ = {isa = PBXFileReference; lastKnownFileType = sourcecode.swift; path = StartScreenViewController.swift; sourceTree = "<group>"; };
		DF1BF589219E289000DC5DA8 /* Base */ = {isa = PBXFileReference; lastKnownFileType = file.storyboard; name = Base; path = Base.lproj/Main.storyboard; sourceTree = "<group>"; };
		DF1BF58B219E289A00DC5DA8 /* Assets.xcassets */ = {isa = PBXFileReference; lastKnownFileType = folder.assetcatalog; path = Assets.xcassets; sourceTree = "<group>"; };
		DF1BF58E219E289A00DC5DA8 /* Base */ = {isa = PBXFileReference; lastKnownFileType = file.storyboard; name = Base; path = Base.lproj/LaunchScreen.storyboard; sourceTree = "<group>"; };
		DF1BF590219E289A00DC5DA8 /* Info.plist */ = {isa = PBXFileReference; lastKnownFileType = text.plist.xml; path = Info.plist; sourceTree = "<group>"; };
		DF1BF595219E289A00DC5DA8 /* RunTraxTests.xctest */ = {isa = PBXFileReference; explicitFileType = wrapper.cfbundle; includeInIndex = 0; path = RunTraxTests.xctest; sourceTree = BUILT_PRODUCTS_DIR; };
		DF1BF599219E289B00DC5DA8 /* RunTraxTests.swift */ = {isa = PBXFileReference; lastKnownFileType = sourcecode.swift; path = RunTraxTests.swift; sourceTree = "<group>"; };
		DF1BF59B219E289B00DC5DA8 /* Info.plist */ = {isa = PBXFileReference; lastKnownFileType = text.plist.xml; path = Info.plist; sourceTree = "<group>"; };
		DF808DB221FFAF8D00D46EDA /* MapKit.framework */ = {isa = PBXFileReference; lastKnownFileType = wrapper.framework; name = MapKit.framework; path = System/Library/Frameworks/MapKit.framework; sourceTree = SDKROOT; };
		DF808DB92200F82700D46EDA /* SharePageViewController.swift */ = {isa = PBXFileReference; lastKnownFileType = sourcecode.swift; path = SharePageViewController.swift; sourceTree = "<group>"; };
		DF808DBB2200FA2500D46EDA /* PastRunsViewController.swift */ = {isa = PBXFileReference; lastKnownFileType = sourcecode.swift; path = PastRunsViewController.swift; sourceTree = "<group>"; };
		DF808DBD2201025800D46EDA /* FriendsListViewController.swift */ = {isa = PBXFileReference; lastKnownFileType = sourcecode.swift; path = FriendsListViewController.swift; sourceTree = "<group>"; };
		DF808DC12202689500D46EDA /* AccountViewController.swift */ = {isa = PBXFileReference; lastKnownFileType = sourcecode.swift; path = AccountViewController.swift; sourceTree = "<group>"; };
		DF98CE042229A62800086812 /* OpeningViewController.swift */ = {isa = PBXFileReference; lastKnownFileType = sourcecode.swift; path = OpeningViewController.swift; sourceTree = "<group>"; };
		DF98CE062229A97B00086812 /* LoginViewController.swift */ = {isa = PBXFileReference; lastKnownFileType = sourcecode.swift; path = LoginViewController.swift; sourceTree = "<group>"; };
		DF98CE082229A9B900086812 /* SignUpViewController.swift */ = {isa = PBXFileReference; lastKnownFileType = sourcecode.swift; path = SignUpViewController.swift; sourceTree = "<group>"; };
		DFBA4A2621A5BBBA008BFB7A /* RunOverviewViewController.swift */ = {isa = PBXFileReference; lastKnownFileType = sourcecode.swift; path = RunOverviewViewController.swift; sourceTree = "<group>"; };
		DFBA4A2821A5DAB6008BFB7A /* RunDetailsDisplay.swift */ = {isa = PBXFileReference; lastKnownFileType = sourcecode.swift; path = RunDetailsDisplay.swift; sourceTree = "<group>"; };
		DFBA4A2D21A643BB008BFB7A /* RunTrax.xcdatamodel */ = {isa = PBXFileReference; lastKnownFileType = wrapper.xcdatamodel; path = RunTrax.xcdatamodel; sourceTree = "<group>"; };
		DFBA4A2F21A6466A008BFB7A /* LocationManager.swift */ = {isa = PBXFileReference; lastKnownFileType = sourcecode.swift; path = LocationManager.swift; sourceTree = "<group>"; };
		DFBA4A3121A64691008BFB7A /* UnitExtension.swift */ = {isa = PBXFileReference; lastKnownFileType = sourcecode.swift; path = UnitExtension.swift; sourceTree = "<group>"; };
		DFBA4A3321A648E6008BFB7A /* CoreDataStack.swift */ = {isa = PBXFileReference; lastKnownFileType = sourcecode.swift; path = CoreDataStack.swift; sourceTree = "<group>"; };
		DFF37034222F7A64006BEF17 /* GoogleService-Info.plist */ = {isa = PBXFileReference; fileEncoding = 4; lastKnownFileType = text.plist.xml; name = "GoogleService-Info.plist"; path = "../../../../GoogleService-Info.plist"; sourceTree = "<group>"; };
		DFF37038222F818E006BEF17 /* GoogleService-Info.plist */ = {isa = PBXFileReference; lastKnownFileType = text.plist.xml; path = "GoogleService-Info.plist"; sourceTree = "<group>"; };
		DFF7E7A721F77D22002220E1 /* NewRunViewController.swift */ = {isa = PBXFileReference; lastKnownFileType = sourcecode.swift; path = NewRunViewController.swift; sourceTree = "<group>"; };
		DFF7E7AD21FA27D4002220E1 /* SharedRunViewController.swift */ = {isa = PBXFileReference; lastKnownFileType = sourcecode.swift; path = SharedRunViewController.swift; sourceTree = "<group>"; };
/* End PBXFileReference section */

/* Begin PBXFrameworksBuildPhase section */
		DF1BF57E219E289000DC5DA8 /* Frameworks */ = {
			isa = PBXFrameworksBuildPhase;
			buildActionMask = 2147483647;
			files = (
				DF808DB321FFAF8D00D46EDA /* MapKit.framework in Frameworks */,
				A674485741F8D8A0AF0CCB58 /* Pods_RunTrax.framework in Frameworks */,
			);
			runOnlyForDeploymentPostprocessing = 0;
		};
		DF1BF592219E289A00DC5DA8 /* Frameworks */ = {
			isa = PBXFrameworksBuildPhase;
			buildActionMask = 2147483647;
			files = (
			);
			runOnlyForDeploymentPostprocessing = 0;
		};
/* End PBXFrameworksBuildPhase section */

/* Begin PBXGroup section */
		55DB40125FEA8D4A82C8B583 /* Pods */ = {
			isa = PBXGroup;
			children = (
				6C8DADC7E036884BB8A2DF32 /* Pods-RunTrax.debug.xcconfig */,
				1EB8FBF5C7E0BC825F2415C0 /* Pods-RunTrax.release.xcconfig */,
			);
			name = Pods;
			sourceTree = "<group>";
		};
		DF1BF578219E289000DC5DA8 = {
			isa = PBXGroup;
			children = (
				DF1BF583219E289000DC5DA8 /* RunTrax */,
				DF1BF598219E289A00DC5DA8 /* RunTraxTests */,
				DF1BF582219E289000DC5DA8 /* Products */,
				DF808DAF21FFAF8C00D46EDA /* Frameworks */,
				55DB40125FEA8D4A82C8B583 /* Pods */,
			);
			sourceTree = "<group>";
		};
		DF1BF582219E289000DC5DA8 /* Products */ = {
			isa = PBXGroup;
			children = (
				DF1BF581219E289000DC5DA8 /* RunTrax.app */,
				DF1BF595219E289A00DC5DA8 /* RunTraxTests.xctest */,
			);
			name = Products;
			sourceTree = "<group>";
		};
		DF1BF583219E289000DC5DA8 /* RunTrax */ = {
			isa = PBXGroup;
			children = (
				DFF37037222F8180006BEF17 /* Resources */,
				DFF37036222F814F006BEF17 /* Storyboards */,
				DFF37039222F87B8006BEF17 /* Run Pages */,
				DFF3703A222F8BC7006BEF17 /* Login and Signup */,
				DFBA4A3321A648E6008BFB7A /* CoreDataStack.swift */,
				DFBA4A2821A5DAB6008BFB7A /* RunDetailsDisplay.swift */,
				DFBA4A2F21A6466A008BFB7A /* LocationManager.swift */,
				DFBA4A3121A64691008BFB7A /* UnitExtension.swift */,
				DF808DC12202689500D46EDA /* AccountViewController.swift */,
				DF1BF586219E289000DC5DA8 /* StartScreenViewController.swift */,
				DF808DB92200F82700D46EDA /* SharePageViewController.swift */,
				DF808DBD2201025800D46EDA /* FriendsListViewController.swift */,
				DFF37034222F7A64006BEF17 /* GoogleService-Info.plist */,
			);
			path = RunTrax;
			sourceTree = "<group>";
		};
		DF1BF598219E289A00DC5DA8 /* RunTraxTests */ = {
			isa = PBXGroup;
			children = (
				DF1BF599219E289B00DC5DA8 /* RunTraxTests.swift */,
				DF1BF59B219E289B00DC5DA8 /* Info.plist */,
			);
			path = RunTraxTests;
			sourceTree = "<group>";
		};
		DF808DAF21FFAF8C00D46EDA /* Frameworks */ = {
			isa = PBXGroup;
			children = (
				DF808DB221FFAF8D00D46EDA /* MapKit.framework */,
				D2C4CCF109B8A571210B2C67 /* Pods_RunTrax.framework */,
				9E66B519E83D8DE1EF56D967 /* Pods_RunTraxTests.framework */,
			);
			name = Frameworks;
			sourceTree = "<group>";
		};
		DFF37036222F814F006BEF17 /* Storyboards */ = {
			isa = PBXGroup;
			children = (
				DF1BF588219E289000DC5DA8 /* Main.storyboard */,
				DF1BF58D219E289A00DC5DA8 /* LaunchScreen.storyboard */,
			);
			path = Storyboards;
			sourceTree = "<group>";
		};
		DFF37037222F8180006BEF17 /* Resources */ = {
			isa = PBXGroup;
			children = (
				DF1BF584219E289000DC5DA8 /* AppDelegate.swift */,
				DFF37038222F818E006BEF17 /* GoogleService-Info.plist */,
				DF1BF58B219E289A00DC5DA8 /* Assets.xcassets */,
				DF1BF590219E289A00DC5DA8 /* Info.plist */,
				DFBA4A2C21A643BB008BFB7A /* RunTrax.xcdatamodeld */,
			);
			path = Resources;
			sourceTree = "<group>";
		};
		DFF37039222F87B8006BEF17 /* Run Pages */ = {
			isa = PBXGroup;
			children = (
				DFF7E7A721F77D22002220E1 /* NewRunViewController.swift */,
				DFF7E7AD21FA27D4002220E1 /* SharedRunViewController.swift */,
				DF808DBB2200FA2500D46EDA /* PastRunsViewController.swift */,
				DFBA4A2621A5BBBA008BFB7A /* RunOverviewViewController.swift */,
			);
			path = "Run Pages";
			sourceTree = "<group>";
		};
		DFF3703A222F8BC7006BEF17 /* Login and Signup */ = {
			isa = PBXGroup;
			children = (
				DF98CE062229A97B00086812 /* LoginViewController.swift */,
				DF98CE082229A9B900086812 /* SignUpViewController.swift */,
				DF98CE042229A62800086812 /* OpeningViewController.swift */,
			);
			path = "Login and Signup";
			sourceTree = "<group>";
		};
/* End PBXGroup section */

/* Begin PBXNativeTarget section */
		DF1BF580219E289000DC5DA8 /* RunTrax */ = {
			isa = PBXNativeTarget;
			buildConfigurationList = DF1BF59E219E289B00DC5DA8 /* Build configuration list for PBXNativeTarget "RunTrax" */;
			buildPhases = (
				8A9B28F7DB5CC6BCACEBD0C4 /* [CP] Check Pods Manifest.lock */,
				DF1BF57D219E289000DC5DA8 /* Sources */,
				DF1BF57E219E289000DC5DA8 /* Frameworks */,
				DF1BF57F219E289000DC5DA8 /* Resources */,
				4A385A44C011AF0B3D6B650C /* [CP] Embed Pods Frameworks */,
				FE17B78704021F341D54AA85 /* [CP] Copy Pods Resources */,
			);
			buildRules = (
			);
			dependencies = (
			);
			name = RunTrax;
			productName = RunTrax;
			productReference = DF1BF581219E289000DC5DA8 /* RunTrax.app */;
			productType = "com.apple.product-type.application";
		};
		DF1BF594219E289A00DC5DA8 /* RunTraxTests */ = {
			isa = PBXNativeTarget;
			buildConfigurationList = DF1BF5A1219E289B00DC5DA8 /* Build configuration list for PBXNativeTarget "RunTraxTests" */;
			buildPhases = (
				DF1BF591219E289A00DC5DA8 /* Sources */,
				DF1BF592219E289A00DC5DA8 /* Frameworks */,
				DF1BF593219E289A00DC5DA8 /* Resources */,
			);
			buildRules = (
			);
			dependencies = (
				DF1BF597219E289A00DC5DA8 /* PBXTargetDependency */,
			);
			name = RunTraxTests;
			productName = RunTraxTests;
			productReference = DF1BF595219E289A00DC5DA8 /* RunTraxTests.xctest */;
			productType = "com.apple.product-type.bundle.unit-test";
		};
/* End PBXNativeTarget section */

/* Begin PBXProject section */
		DF1BF579219E289000DC5DA8 /* Project object */ = {
			isa = PBXProject;
			attributes = {
				LastSwiftUpdateCheck = 1010;
				LastUpgradeCheck = 1010;
				ORGANIZATIONNAME = "Kelsey Henrichsen";
				TargetAttributes = {
					DF1BF580219E289000DC5DA8 = {
						CreatedOnToolsVersion = 10.1;
						SystemCapabilities = {
							com.apple.BackgroundModes = {
								enabled = 1;
							};
							com.apple.Maps.iOS = {
								enabled = 1;
							};
						};
					};
					DF1BF594219E289A00DC5DA8 = {
						CreatedOnToolsVersion = 10.1;
						TestTargetID = DF1BF580219E289000DC5DA8;
					};
				};
			};
			buildConfigurationList = DF1BF57C219E289000DC5DA8 /* Build configuration list for PBXProject "RunTrax" */;
			compatibilityVersion = "Xcode 9.3";
			developmentRegion = en;
			hasScannedForEncodings = 0;
			knownRegions = (
				en,
				Base,
			);
			mainGroup = DF1BF578219E289000DC5DA8;
			productRefGroup = DF1BF582219E289000DC5DA8 /* Products */;
			projectDirPath = "";
			projectRoot = "";
			targets = (
				DF1BF580219E289000DC5DA8 /* RunTrax */,
				DF1BF594219E289A00DC5DA8 /* RunTraxTests */,
			);
		};
/* End PBXProject section */

/* Begin PBXResourcesBuildPhase section */
		DF1BF57F219E289000DC5DA8 /* Resources */ = {
			isa = PBXResourcesBuildPhase;
			buildActionMask = 2147483647;
			files = (
				DF1BF58F219E289A00DC5DA8 /* LaunchScreen.storyboard in Resources */,
				DFF37035222F7A64006BEF17 /* GoogleService-Info.plist in Resources */,
				DF1BF58C219E289A00DC5DA8 /* Assets.xcassets in Resources */,
				DF1BF58A219E289000DC5DA8 /* Main.storyboard in Resources */,
			);
			runOnlyForDeploymentPostprocessing = 0;
		};
		DF1BF593219E289A00DC5DA8 /* Resources */ = {
			isa = PBXResourcesBuildPhase;
			buildActionMask = 2147483647;
			files = (
			);
			runOnlyForDeploymentPostprocessing = 0;
		};
/* End PBXResourcesBuildPhase section */

/* Begin PBXShellScriptBuildPhase section */
		4A385A44C011AF0B3D6B650C /* [CP] Embed Pods Frameworks */ = {
			isa = PBXShellScriptBuildPhase;
			buildActionMask = 2147483647;
			files = (
			);
			inputFileListPaths = (
			);
			inputPaths = (
				"${SRCROOT}/Pods/Target Support Files/Pods-RunTrax/Pods-RunTrax-frameworks.sh",
				"${BUILT_PRODUCTS_DIR}/GTMSessionFetcher/GTMSessionFetcher.framework",
				"${BUILT_PRODUCTS_DIR}/GoogleToolboxForMac/GoogleToolboxForMac.framework",
				"${BUILT_PRODUCTS_DIR}/GoogleUtilities/GoogleUtilities.framework",
				"${BUILT_PRODUCTS_DIR}/leveldb-library/leveldb.framework",
				"${BUILT_PRODUCTS_DIR}/nanopb/nanopb.framework",
			);
			name = "[CP] Embed Pods Frameworks";
			outputFileListPaths = (
			);
			outputPaths = (
				"${TARGET_BUILD_DIR}/${FRAMEWORKS_FOLDER_PATH}/GTMSessionFetcher.framework",
				"${TARGET_BUILD_DIR}/${FRAMEWORKS_FOLDER_PATH}/GoogleToolboxForMac.framework",
				"${TARGET_BUILD_DIR}/${FRAMEWORKS_FOLDER_PATH}/GoogleUtilities.framework",
				"${TARGET_BUILD_DIR}/${FRAMEWORKS_FOLDER_PATH}/leveldb.framework",
				"${TARGET_BUILD_DIR}/${FRAMEWORKS_FOLDER_PATH}/nanopb.framework",
			);
			runOnlyForDeploymentPostprocessing = 0;
			shellPath = /bin/sh;
			shellScript = "\"${SRCROOT}/Pods/Target Support Files/Pods-RunTrax/Pods-RunTrax-frameworks.sh\"\n";
			showEnvVarsInLog = 0;
		};
		8A9B28F7DB5CC6BCACEBD0C4 /* [CP] Check Pods Manifest.lock */ = {
			isa = PBXShellScriptBuildPhase;
			buildActionMask = 2147483647;
			files = (
			);
			inputFileListPaths = (
			);
			inputPaths = (
				"${PODS_PODFILE_DIR_PATH}/Podfile.lock",
				"${PODS_ROOT}/Manifest.lock",
			);
			name = "[CP] Check Pods Manifest.lock";
			outputFileListPaths = (
			);
			outputPaths = (
				"$(DERIVED_FILE_DIR)/Pods-RunTrax-checkManifestLockResult.txt",
			);
			runOnlyForDeploymentPostprocessing = 0;
			shellPath = /bin/sh;
			shellScript = "diff \"${PODS_PODFILE_DIR_PATH}/Podfile.lock\" \"${PODS_ROOT}/Manifest.lock\" > /dev/null\nif [ $? != 0 ] ; then\n    # print error to STDERR\n    echo \"error: The sandbox is not in sync with the Podfile.lock. Run 'pod install' or update your CocoaPods installation.\" >&2\n    exit 1\nfi\n# This output is used by Xcode 'outputs' to avoid re-running this script phase.\necho \"SUCCESS\" > \"${SCRIPT_OUTPUT_FILE_0}\"\n";
			showEnvVarsInLog = 0;
		};
		FE17B78704021F341D54AA85 /* [CP] Copy Pods Resources */ = {
			isa = PBXShellScriptBuildPhase;
			buildActionMask = 2147483647;
			files = (
			);
			inputFileListPaths = (
			);
			inputPaths = (
				"${SRCROOT}/Pods/Target Support Files/Pods-RunTrax/Pods-RunTrax-resources.sh",
				"${PODS_CONFIGURATION_BUILD_DIR}/FirebaseUI/FirebaseAuthUI.bundle",
				"${PODS_CONFIGURATION_BUILD_DIR}/FirebaseUI/FirebaseGoogleAuthUI.bundle",
				"${PODS_ROOT}/GoogleSignIn/Resources/GoogleSignIn.bundle",
			);
			name = "[CP] Copy Pods Resources";
			outputFileListPaths = (
			);
			outputPaths = (
				"${TARGET_BUILD_DIR}/${UNLOCALIZED_RESOURCES_FOLDER_PATH}/FirebaseAuthUI.bundle",
				"${TARGET_BUILD_DIR}/${UNLOCALIZED_RESOURCES_FOLDER_PATH}/FirebaseGoogleAuthUI.bundle",
				"${TARGET_BUILD_DIR}/${UNLOCALIZED_RESOURCES_FOLDER_PATH}/GoogleSignIn.bundle",
			);
			runOnlyForDeploymentPostprocessing = 0;
			shellPath = /bin/sh;
			shellScript = "\"${SRCROOT}/Pods/Target Support Files/Pods-RunTrax/Pods-RunTrax-resources.sh\"\n";
			showEnvVarsInLog = 0;
		};
/* End PBXShellScriptBuildPhase section */

/* Begin PBXSourcesBuildPhase section */
		DF1BF57D219E289000DC5DA8 /* Sources */ = {
			isa = PBXSourcesBuildPhase;
			buildActionMask = 2147483647;
			files = (
				DFBA4A2E21A643BB008BFB7A /* RunTrax.xcdatamodeld in Sources */,
				DF98CE052229A62800086812 /* OpeningViewController.swift in Sources */,
				DFF7E7AE21FA27D4002220E1 /* SharedRunViewController.swift in Sources */,
				DF808DC22202689500D46EDA /* AccountViewController.swift in Sources */,
				DF808DBC2200FA2500D46EDA /* PastRunsViewController.swift in Sources */,
				DF98CE092229A9B900086812 /* SignUpViewController.swift in Sources */,
				DFBA4A2921A5DAB6008BFB7A /* RunDetailsDisplay.swift in Sources */,
				DFBA4A3421A648E6008BFB7A /* CoreDataStack.swift in Sources */,
				DFBA4A3221A64691008BFB7A /* UnitExtension.swift in Sources */,
				DF808DBA2200F82700D46EDA /* SharePageViewController.swift in Sources */,
				DF808DBE2201025800D46EDA /* FriendsListViewController.swift in Sources */,
				DFBA4A3021A6466A008BFB7A /* LocationManager.swift in Sources */,
				DF1BF587219E289000DC5DA8 /* StartScreenViewController.swift in Sources */,
				DF98CE072229A97B00086812 /* LoginViewController.swift in Sources */,
				DF1BF585219E289000DC5DA8 /* AppDelegate.swift in Sources */,
				DFF7E7A821F77D22002220E1 /* NewRunViewController.swift in Sources */,
				DFBA4A2721A5BBBA008BFB7A /* RunOverviewViewController.swift in Sources */,
			);
			runOnlyForDeploymentPostprocessing = 0;
		};
		DF1BF591219E289A00DC5DA8 /* Sources */ = {
			isa = PBXSourcesBuildPhase;
			buildActionMask = 2147483647;
			files = (
				DF1BF59A219E289B00DC5DA8 /* RunTraxTests.swift in Sources */,
			);
			runOnlyForDeploymentPostprocessing = 0;
		};
/* End PBXSourcesBuildPhase section */

/* Begin PBXTargetDependency section */
		DF1BF597219E289A00DC5DA8 /* PBXTargetDependency */ = {
			isa = PBXTargetDependency;
			target = DF1BF580219E289000DC5DA8 /* RunTrax */;
			targetProxy = DF1BF596219E289A00DC5DA8 /* PBXContainerItemProxy */;
		};
/* End PBXTargetDependency section */

/* Begin PBXVariantGroup section */
		DF1BF588219E289000DC5DA8 /* Main.storyboard */ = {
			isa = PBXVariantGroup;
			children = (
				DF1BF589219E289000DC5DA8 /* Base */,
			);
			name = Main.storyboard;
			sourceTree = "<group>";
		};
		DF1BF58D219E289A00DC5DA8 /* LaunchScreen.storyboard */ = {
			isa = PBXVariantGroup;
			children = (
				DF1BF58E219E289A00DC5DA8 /* Base */,
			);
			name = LaunchScreen.storyboard;
			sourceTree = "<group>";
		};
/* End PBXVariantGroup section */

/* Begin XCBuildConfiguration section */
		DF1BF59C219E289B00DC5DA8 /* Debug */ = {
			isa = XCBuildConfiguration;
			buildSettings = {
				ALWAYS_SEARCH_USER_PATHS = NO;
				CLANG_ANALYZER_NONNULL = YES;
				CLANG_ANALYZER_NUMBER_OBJECT_CONVERSION = YES_AGGRESSIVE;
				CLANG_CXX_LANGUAGE_STANDARD = "gnu++14";
				CLANG_CXX_LIBRARY = "libc++";
				CLANG_ENABLE_MODULES = YES;
				CLANG_ENABLE_OBJC_ARC = YES;
				CLANG_ENABLE_OBJC_WEAK = YES;
				CLANG_WARN_BLOCK_CAPTURE_AUTORELEASING = YES;
				CLANG_WARN_BOOL_CONVERSION = YES;
				CLANG_WARN_COMMA = YES;
				CLANG_WARN_CONSTANT_CONVERSION = YES;
				CLANG_WARN_DEPRECATED_OBJC_IMPLEMENTATIONS = YES;
				CLANG_WARN_DIRECT_OBJC_ISA_USAGE = YES_ERROR;
				CLANG_WARN_DOCUMENTATION_COMMENTS = YES;
				CLANG_WARN_EMPTY_BODY = YES;
				CLANG_WARN_ENUM_CONVERSION = YES;
				CLANG_WARN_INFINITE_RECURSION = YES;
				CLANG_WARN_INT_CONVERSION = YES;
				CLANG_WARN_NON_LITERAL_NULL_CONVERSION = YES;
				CLANG_WARN_OBJC_IMPLICIT_RETAIN_SELF = YES;
				CLANG_WARN_OBJC_LITERAL_CONVERSION = YES;
				CLANG_WARN_OBJC_ROOT_CLASS = YES_ERROR;
				CLANG_WARN_RANGE_LOOP_ANALYSIS = YES;
				CLANG_WARN_STRICT_PROTOTYPES = YES;
				CLANG_WARN_SUSPICIOUS_MOVE = YES;
				CLANG_WARN_UNGUARDED_AVAILABILITY = YES_AGGRESSIVE;
				CLANG_WARN_UNREACHABLE_CODE = YES;
				CLANG_WARN__DUPLICATE_METHOD_MATCH = YES;
				CODE_SIGN_IDENTITY = "iPhone Developer";
				COPY_PHASE_STRIP = NO;
				DEBUG_INFORMATION_FORMAT = dwarf;
				ENABLE_STRICT_OBJC_MSGSEND = YES;
				ENABLE_TESTABILITY = YES;
				GCC_C_LANGUAGE_STANDARD = gnu11;
				GCC_DYNAMIC_NO_PIC = NO;
				GCC_NO_COMMON_BLOCKS = YES;
				GCC_OPTIMIZATION_LEVEL = 0;
				GCC_PREPROCESSOR_DEFINITIONS = (
					"DEBUG=1",
					"$(inherited)",
				);
				GCC_WARN_64_TO_32_BIT_CONVERSION = YES;
				GCC_WARN_ABOUT_RETURN_TYPE = YES_ERROR;
				GCC_WARN_UNDECLARED_SELECTOR = YES;
				GCC_WARN_UNINITIALIZED_AUTOS = YES_AGGRESSIVE;
				GCC_WARN_UNUSED_FUNCTION = YES;
				GCC_WARN_UNUSED_VARIABLE = YES;
				IPHONEOS_DEPLOYMENT_TARGET = 12.1;
				MTL_ENABLE_DEBUG_INFO = INCLUDE_SOURCE;
				MTL_FAST_MATH = YES;
				ONLY_ACTIVE_ARCH = YES;
				SDKROOT = iphoneos;
				SWIFT_ACTIVE_COMPILATION_CONDITIONS = DEBUG;
				SWIFT_OPTIMIZATION_LEVEL = "-Onone";
			};
			name = Debug;
		};
		DF1BF59D219E289B00DC5DA8 /* Release */ = {
			isa = XCBuildConfiguration;
			buildSettings = {
				ALWAYS_SEARCH_USER_PATHS = NO;
				CLANG_ANALYZER_NONNULL = YES;
				CLANG_ANALYZER_NUMBER_OBJECT_CONVERSION = YES_AGGRESSIVE;
				CLANG_CXX_LANGUAGE_STANDARD = "gnu++14";
				CLANG_CXX_LIBRARY = "libc++";
				CLANG_ENABLE_MODULES = YES;
				CLANG_ENABLE_OBJC_ARC = YES;
				CLANG_ENABLE_OBJC_WEAK = YES;
				CLANG_WARN_BLOCK_CAPTURE_AUTORELEASING = YES;
				CLANG_WARN_BOOL_CONVERSION = YES;
				CLANG_WARN_COMMA = YES;
				CLANG_WARN_CONSTANT_CONVERSION = YES;
				CLANG_WARN_DEPRECATED_OBJC_IMPLEMENTATIONS = YES;
				CLANG_WARN_DIRECT_OBJC_ISA_USAGE = YES_ERROR;
				CLANG_WARN_DOCUMENTATION_COMMENTS = YES;
				CLANG_WARN_EMPTY_BODY = YES;
				CLANG_WARN_ENUM_CONVERSION = YES;
				CLANG_WARN_INFINITE_RECURSION = YES;
				CLANG_WARN_INT_CONVERSION = YES;
				CLANG_WARN_NON_LITERAL_NULL_CONVERSION = YES;
				CLANG_WARN_OBJC_IMPLICIT_RETAIN_SELF = YES;
				CLANG_WARN_OBJC_LITERAL_CONVERSION = YES;
				CLANG_WARN_OBJC_ROOT_CLASS = YES_ERROR;
				CLANG_WARN_RANGE_LOOP_ANALYSIS = YES;
				CLANG_WARN_STRICT_PROTOTYPES = YES;
				CLANG_WARN_SUSPICIOUS_MOVE = YES;
				CLANG_WARN_UNGUARDED_AVAILABILITY = YES_AGGRESSIVE;
				CLANG_WARN_UNREACHABLE_CODE = YES;
				CLANG_WARN__DUPLICATE_METHOD_MATCH = YES;
				CODE_SIGN_IDENTITY = "iPhone Developer";
				COPY_PHASE_STRIP = NO;
				DEBUG_INFORMATION_FORMAT = "dwarf-with-dsym";
				ENABLE_NS_ASSERTIONS = NO;
				ENABLE_STRICT_OBJC_MSGSEND = YES;
				GCC_C_LANGUAGE_STANDARD = gnu11;
				GCC_NO_COMMON_BLOCKS = YES;
				GCC_WARN_64_TO_32_BIT_CONVERSION = YES;
				GCC_WARN_ABOUT_RETURN_TYPE = YES_ERROR;
				GCC_WARN_UNDECLARED_SELECTOR = YES;
				GCC_WARN_UNINITIALIZED_AUTOS = YES_AGGRESSIVE;
				GCC_WARN_UNUSED_FUNCTION = YES;
				GCC_WARN_UNUSED_VARIABLE = YES;
				IPHONEOS_DEPLOYMENT_TARGET = 12.1;
				MTL_ENABLE_DEBUG_INFO = NO;
				MTL_FAST_MATH = YES;
				SDKROOT = iphoneos;
				SWIFT_COMPILATION_MODE = wholemodule;
				SWIFT_OPTIMIZATION_LEVEL = "-O";
				VALIDATE_PRODUCT = YES;
			};
			name = Release;
		};
		DF1BF59F219E289B00DC5DA8 /* Debug */ = {
			isa = XCBuildConfiguration;
			baseConfigurationReference = 6C8DADC7E036884BB8A2DF32 /* Pods-RunTrax.debug.xcconfig */;
			buildSettings = {
				ASSETCATALOG_COMPILER_APPICON_NAME = AppIcon;
				CODE_SIGN_STYLE = Automatic;
				DEVELOPMENT_TEAM = B8G5V889NN;
				INFOPLIST_FILE = "$(SRCROOT)/RunTrax/Resources/Info.plist";
				LD_RUNPATH_SEARCH_PATHS = (
					"$(inherited)",
					"@executable_path/Frameworks",
				);
				PRODUCT_BUNDLE_IDENTIFIER = com.kelseyhenrichsen.FirebaseApp;
				PRODUCT_NAME = "$(TARGET_NAME)";
				SWIFT_VERSION = 4.2;
				TARGETED_DEVICE_FAMILY = "1,2";
			};
			name = Debug;
		};
		DF1BF5A0219E289B00DC5DA8 /* Release */ = {
			isa = XCBuildConfiguration;
			baseConfigurationReference = 1EB8FBF5C7E0BC825F2415C0 /* Pods-RunTrax.release.xcconfig */;
			buildSettings = {
				ASSETCATALOG_COMPILER_APPICON_NAME = AppIcon;
				CODE_SIGN_STYLE = Automatic;
				DEVELOPMENT_TEAM = B8G5V889NN;
				INFOPLIST_FILE = "$(SRCROOT)/RunTrax/Resources/Info.plist";
				LD_RUNPATH_SEARCH_PATHS = (
					"$(inherited)",
					"@executable_path/Frameworks",
				);
				PRODUCT_BUNDLE_IDENTIFIER = com.kelseyhenrichsen.FirebaseApp;
				PRODUCT_NAME = "$(TARGET_NAME)";
				SWIFT_VERSION = 4.2;
				TARGETED_DEVICE_FAMILY = "1,2";
			};
			name = Release;
		};
		DF1BF5A2219E289B00DC5DA8 /* Debug */ = {
			isa = XCBuildConfiguration;
			buildSettings = {
				ALWAYS_EMBED_SWIFT_STANDARD_LIBRARIES = YES;
				BUNDLE_LOADER = "$(TEST_HOST)";
				CODE_SIGN_STYLE = Automatic;
				INFOPLIST_FILE = RunTraxTests/Info.plist;
				LD_RUNPATH_SEARCH_PATHS = (
					"$(inherited)",
					"@executable_path/Frameworks",
					"@loader_path/Frameworks",
				);
				PRODUCT_BUNDLE_IDENTIFIER = com.kelseyhenrichsen.RunTraxTests;
				PRODUCT_NAME = "$(TARGET_NAME)";
				SWIFT_VERSION = 4.2;
				TARGETED_DEVICE_FAMILY = "1,2";
				TEST_HOST = "$(BUILT_PRODUCTS_DIR)/RunTrax.app/RunTrax";
			};
			name = Debug;
		};
		DF1BF5A3219E289B00DC5DA8 /* Release */ = {
			isa = XCBuildConfiguration;
			buildSettings = {
				ALWAYS_EMBED_SWIFT_STANDARD_LIBRARIES = YES;
				BUNDLE_LOADER = "$(TEST_HOST)";
				CODE_SIGN_STYLE = Automatic;
				INFOPLIST_FILE = RunTraxTests/Info.plist;
				LD_RUNPATH_SEARCH_PATHS = (
					"$(inherited)",
					"@executable_path/Frameworks",
					"@loader_path/Frameworks",
				);
				PRODUCT_BUNDLE_IDENTIFIER = com.kelseyhenrichsen.RunTraxTests;
				PRODUCT_NAME = "$(TARGET_NAME)";
				SWIFT_VERSION = 4.2;
				TARGETED_DEVICE_FAMILY = "1,2";
				TEST_HOST = "$(BUILT_PRODUCTS_DIR)/RunTrax.app/RunTrax";
			};
			name = Release;
		};
/* End XCBuildConfiguration section */

/* Begin XCConfigurationList section */
		DF1BF57C219E289000DC5DA8 /* Build configuration list for PBXProject "RunTrax" */ = {
			isa = XCConfigurationList;
			buildConfigurations = (
				DF1BF59C219E289B00DC5DA8 /* Debug */,
				DF1BF59D219E289B00DC5DA8 /* Release */,
			);
			defaultConfigurationIsVisible = 0;
			defaultConfigurationName = Release;
		};
		DF1BF59E219E289B00DC5DA8 /* Build configuration list for PBXNativeTarget "RunTrax" */ = {
			isa = XCConfigurationList;
			buildConfigurations = (
				DF1BF59F219E289B00DC5DA8 /* Debug */,
				DF1BF5A0219E289B00DC5DA8 /* Release */,
			);
			defaultConfigurationIsVisible = 0;
			defaultConfigurationName = Release;
		};
		DF1BF5A1219E289B00DC5DA8 /* Build configuration list for PBXNativeTarget "RunTraxTests" */ = {
			isa = XCConfigurationList;
			buildConfigurations = (
				DF1BF5A2219E289B00DC5DA8 /* Debug */,
				DF1BF5A3219E289B00DC5DA8 /* Release */,
			);
			defaultConfigurationIsVisible = 0;
			defaultConfigurationName = Release;
		};
/* End XCConfigurationList section */

/* Begin XCVersionGroup section */
		DFBA4A2C21A643BB008BFB7A /* RunTrax.xcdatamodeld */ = {
			isa = XCVersionGroup;
			children = (
				DFBA4A2D21A643BB008BFB7A /* RunTrax.xcdatamodel */,
			);
			currentVersion = DFBA4A2D21A643BB008BFB7A /* RunTrax.xcdatamodel */;
			path = RunTrax.xcdatamodeld;
			sourceTree = "<group>";
			versionGroupType = wrapper.xcdatamodel;
		};
/* End XCVersionGroup section */
	};
	rootObject = DF1BF579219E289000DC5DA8 /* Project object */;
}
